# This file is generated by running "yarn install" inside your project.
# Manual changes might be lost - proceed with caution!

__metadata:
  version: 10
  cacheKey: 10c0

"@tanstack/query-core@npm:5.102.8":
  version: 5.102.8
  resolution: "@tanstack/query-core@npm:5.102.8"
  checksum: 10c0/b8b8413c2372ff26605f63283f2bfe0edc17be1daad858a437d154ca38b30e8b6e47a5b8a0eb5c40b93fd66b8461f1cf2ac6cf5e1c9a03919d0079a0b4ae8bfa
  languageName: node
  linkType: hard

"@tanstack/react-query@npm:5.102.8":
  version: 5.102.8
  resolution: "@tanstack/react-query@npm:5.102.8"
  dependencies:
    "@tanstack/query-core": "npm:5.102.8"
  peerDependencies:
    react: ^18 || ^19
  checksum: 10c0/cae0b1c9eb4b6cce8679ebe58d0391cd247bc26c39105aaa4d2c624db14deb8c051f747f714aaa0dbe6bb3ac94c70e30af6423090e9014aa5c7c6ef6cf5b4af4
  languageName: node
  linkType: hard

"clsx@npm:2.1.1":
  version: 2.1.1
  resolution: "clsx@npm:2.1.1"
  checksum: 10c0/c4c8eb865f8c82baab07e71bfa8897c73454881c4f99d6bc81585aecd7c441746c1399d08363dc096c550cceaf97bd4ce1e8854e1771e9998d9f94c4fe075839
  languageName: node
  linkType: hard

"install-fixture@workspace:.":
  version: 0.0.0-use.local
  resolution: "install-fixture@workspace:."
  dependencies:
    "@tanstack/react-query": "npm:5.102.8"
    clsx: "npm:2.1.1"
    react: "npm:19.3.0"
    react-dom: "npm:19.3.0"
  languageName: unknown
  linkType: soft

"react-dom@npm:19.3.0":
  version: 19.3.0
  resolution: "react-dom@npm:19.3.0"
  dependencies:
    scheduler: "npm:^0.28.0"
  peerDependencies:
    react: ^19.3.0
  checksum: 10c0/c513044b724dd6bfe9500a9682d60973e7f8a48cffba00b6b16d3e910e27dcc459bf71bf0a5c33d7d62a3843ca30de1bd1e2098058aa4ed71f618a24b6061da5
  languageName: node
  linkType: hard

"react@npm:19.3.0":
  version: 19.3.0
  resolution: "react@npm:19.3.0"
  checksum: 10c0/dd3099c3c43a7122bc01223bb26b0f8d5ba13cca569af6fb94a005fb54fa73223c9cb203bb226d40cfd49a82cbeef2e36ce84062a3a6d5b9fe8f4437694c7b52
  languageName: node
  linkType: hard

"scheduler@npm:^0.28.0":
  version: 0.28.0
  resolution: "scheduler@npm:0.28.0"
  checksum: 10c0/783c8e5ce89d41273a02ed6dc0e3d24bd60e05c9e8f7e3adfc6c82e7c69935500d90e343f1ee26d592fc7504e8a2532573c6368def3e93bfe812391fa53efaf4
  languageName: node
  linkType: hard
