{
  "lockfileVersion": 1,
  "configVersion": 1,
  "workspaces": {
    "": {
      "name": "install-fixture",
      "dependencies": {
        "@tanstack/react-query": "5.102.8",
        "clsx": "2.1.1",
        "react": "19.3.0",
        "react-dom": "19.3.0",
      },
    },
  },
  "packages": {
    "@tanstack/query-core": ["@tanstack/query-core@5.102.8", "", {}, "sha512-ZNjkJ33CqvPNec/6lZBnHqLc3EVGPZ9ySLhYahU9TcuRFdmwXewuj0c4hwSWcGHqEUwcSrKeZ+oGcvPBqXcQcg=="],

    "@tanstack/react-query": ["@tanstack/react-query@5.102.8", "", { "dependencies": { "@tanstack/query-core": "5.102.8" }, "peerDependencies": { "react": "^18 || ^19" } }, "sha512-TYBea4OuXWD7MhaSHq069TWbFe7rcwWN6kzT7JF0OKi1K6c1gTv2IzD6A6ExJsCMozdkqBWeuIUZmu4KQg0O5A=="],

    "clsx": ["clsx@2.1.1", "", {}, "sha512-eYm0QWBtUrBWZWG0d386OGAw16Z995PiOVo2B7bjWSbHedGl5e0ZWaq65kOGgUSNesEIDkB9ISbTg/JK9dhCZA=="],

    "react": ["react@19.3.0", "", {}, "sha512-E8LUcbtBWt20bbl2YoHfx4ZDBdxVTfOKtCZn9cDSJ4l6/nuoApcpIBcj47t2wZoVX8g2ZHuMHbiShgCR1T5Sog=="],

    "react-dom": ["react-dom@19.3.0", "", { "dependencies": { "scheduler": "^0.28.0" }, "peerDependencies": { "react": "^19.3.0" } }, "sha512-JDk8dgif51OjFoDE70+OT9ICyYr+69HlmihNwp1+Nsfbna3t5sIiCa9ZJktDmQ4/1b/rn26hIAR2uYXDMr5r0Q=="],

    "scheduler": ["scheduler@0.28.0", "", {}, "sha512-juorfCmIkIw8tT+p5BXSm6PJjQF/ycEYmKyzURCIt/RaZIhL+PulbQ9Yu2z1HdOJDdqDTlxA1+xKBmHXJsczAw=="],
  }
}
